
Microsoft Visual Studio Solution File, Format Version 12.00
# Visual Studio Version 16
VisualStudioVersion = 16.0.30804.86
MinimumVisualStudioVersion = 10.0.40219.1
Project("{FAE04EC0-301F-11D3-BF4B-00C04F79EFBC}") = "SinasRim", "SinasRim\SinasRim.csproj", "{BC30CDA7-9A0B-4EE7-8CA9-F9950D4C700F}"
EndProject
Global
	GlobalSection(SolutionConfigurationPlatforms) = preSolution
		Debug|Any CPU = Debug|Any CPU
		Release|Any CPU = Release|Any CPU
	EndGlobalSection
	GlobalSection(ProjectConfigurationPlatforms) = postSolution
		{BC30CDA7-9A0B-4EE7-8CA9-F9950D4C700F}.Debug|Any CPU.ActiveCfg = Debug|Any CPU
		{BC30CDA7-9A0B-4EE7-8CA9-F9950D4C700F}.Debug|Any CPU.Build.0 = Debug|Any CPU
		{BC30CDA7-9A0B-4EE7-8CA9-F9950D4C700F}.Release|Any CPU.ActiveCfg = Release|Any CPU
		{BC30CDA7-9A0B-4EE7-8CA9-F9950D4C700F}.Release|Any CPU.Build.0 = Release|Any CPU
	EndGlobalSection
	GlobalSection(SolutionProperties) = preSolution
		HideSolutionNode = FALSE
	EndGlobalSection
	GlobalSection(ExtensibilityGlobals) = postSolution
		SolutionGuid = {3D190A39-06EF-4D01-9D49-4EB2B27B9636}
	EndGlobalSection
EndGlobal
